
Microsoft Visual Studio Solution File, Format Version 12.00
# Visual Studio Version 17
VisualStudioVersion = 17.6.33723.286
MinimumVisualStudioVersion = 10.0.40219.1
Project("{FAE04EC0-301F-11D3-BF4B-00C04F79EFBC}") = "MonkeStatistics", "MonkeStatistics\MonkeStatistics.csproj", "{B95FDE18-7A57-4264-9AEF-DBA63EAF994C}"
EndProject
Project("{FAE04EC0-301F-11D3-BF4B-00C04F79EFBC}") = "Scoreboard", "Scoreboard\Scoreboard.csproj", "{D78E07C5-D69E-4E53-9F87-05B956550FCD}"
EndProject
Global
	GlobalSection(SolutionConfigurationPlatforms) = preSolution
		Debug|Any CPU = Debug|Any CPU
		Release|Any CPU = Release|Any CPU
	EndGlobalSection
	GlobalSection(ProjectConfigurationPlatforms) = postSolution
		{B95FDE18-7A57-4264-9AEF-DBA63EAF994C}.Debug|Any CPU.ActiveCfg = Debug|Any CPU
		{B95FDE18-7A57-4264-9AEF-DBA63EAF994C}.Debug|Any CPU.Build.0 = Debug|Any CPU
		{B95FDE18-7A57-4264-9AEF-DBA63EAF994C}.Release|Any CPU.ActiveCfg = Release|Any CPU
		{B95FDE18-7A57-4264-9AEF-DBA63EAF994C}.Release|Any CPU.Build.0 = Release|Any CPU
		{D78E07C5-D69E-4E53-9F87-05B956550FCD}.Debug|Any CPU.ActiveCfg = Debug|Any CPU
		{D78E07C5-D69E-4E53-9F87-05B956550FCD}.Debug|Any CPU.Build.0 = Debug|Any CPU
		{D78E07C5-D69E-4E53-9F87-05B956550FCD}.Release|Any CPU.ActiveCfg = Release|Any CPU
		{D78E07C5-D69E-4E53-9F87-05B956550FCD}.Release|Any CPU.Build.0 = Release|Any CPU
	EndGlobalSection
	GlobalSection(SolutionProperties) = preSolution
		HideSolutionNode = FALSE
	EndGlobalSection
	GlobalSection(ExtensibilityGlobals) = postSolution
		SolutionGuid = {60756058-8CD4-42D0-8576-6848DABD3A2F}
	EndGlobalSection
EndGlobal
